
Microsoft Visual Studio Solution File, Format Version 12.00
# Visual Studio Version 17
VisualStudioVersion = 17.7.34221.43
MinimumVisualStudioVersion = 10.0.40219.1
Project("{888888A0-9F3D-457C-B088-3A5042F75D52}") = "TelegramMusicTagger", "TelegramMusicTagger.pyproj", "{15093B52-ECAE-4D29-8461-2F120C75DB86}"
EndProject
Global
	GlobalSection(SolutionConfigurationPlatforms) = preSolution
		Debug|Any CPU = Debug|Any CPU
		Release|Any CPU = Release|Any CPU
	EndGlobalSection
	GlobalSection(ProjectConfigurationPlatforms) = postSolution
		{15093B52-ECAE-4D29-8461-2F120C75DB86}.Debug|Any CPU.ActiveCfg = Debug|Any CPU
		{15093B52-ECAE-4D29-8461-2F120C75DB86}.Release|Any CPU.ActiveCfg = Release|Any CPU
	EndGlobalSection
	GlobalSection(SolutionProperties) = preSolution
		HideSolutionNode = FALSE
	EndGlobalSection
	GlobalSection(ExtensibilityGlobals) = postSolution
		SolutionGuid = {A961B215-9C2E-48D9-BAD1-CDA38C6F8C0C}
	EndGlobalSection
EndGlobal
